{
  "name": "@harness-kit/core",
  "version": "0.1.0",
  "lockfileVersion": 3,
  "requires": true,
  "packages": {
    "": {
      "name": "@harness-kit/core",
      "version": "0.1.0",
      "dependencies": {
        "@mariozechner/pi-agent-core": "file:../../github-repo/pi-mono/packages/agent",
        "@mariozechner/pi-ai": "file:../../github-repo/pi-mono/packages/ai",
        "@mariozechner/pi-coding-agent": "file:../../github-repo/pi-mono/packages/coding-agent",
        "@sinclair/typebox": "^0.34.0",
        "yaml": "^2.7.0"
      },
      "bin": {
        "harness-telemetry": "bin/harness-telemetry",
        "harness-verify": "bin/harness-verify"
      },
      "devDependencies": {
        "@types/node": "^22.0.0",
        "typescript": "^5.7.0"
      }
    },
    "../../github-repo/pi-mono/packages/agent": {
      "name": "@mariozechner/pi-agent-core",
      "version": "0.72.0",
      "license": "MIT",
      "dependencies": {
        "@mariozechner/pi-ai": "^0.72.0",
        "typebox": "^1.1.24"
      },
      "devDependencies": {
        "@types/node": "^24.3.0",
        "typescript": "^5.7.3",
        "vitest": "^3.2.4"
      },
      "engines": {
        "node": ">=20.0.0"
      }
    },
    "../../github-repo/pi-mono/packages/ai": {
      "name": "@mariozechner/pi-ai",
      "version": "0.72.0",
      "license": "MIT",
      "dependencies": {
        "@anthropic-ai/sdk": "^0.91.1",
        "@aws-sdk/client-bedrock-runtime": "^3.1030.0",
        "@google/genai": "^1.40.0",
        "@mistralai/mistralai": "^2.2.0",
        "chalk": "^5.6.2",
        "openai": "6.26.0",
        "partial-json": "^0.1.7",
        "proxy-agent": "^6.5.0",
        "typebox": "^1.1.24",
        "undici": "^7.19.1",
        "zod-to-json-schema": "^3.24.6"
      },
      "bin": {
        "pi-ai": "dist/cli.js"
      },
      "devDependencies": {
        "@types/node": "^24.3.0",
        "canvas": "^3.2.0",
        "vitest": "^3.2.4"
      },
      "engines": {
        "node": ">=20.0.0"
      }
    },
    "../../github-repo/pi-mono/packages/coding-agent": {
      "name": "@mariozechner/pi-coding-agent",
      "version": "0.72.0",
      "license": "MIT",
      "dependencies": {
        "@mariozechner/jiti": "^2.6.2",
        "@mariozechner/pi-agent-core": "^0.72.0",
        "@mariozechner/pi-ai": "^0.72.0",
        "@mariozechner/pi-tui": "^0.72.0",
        "@silvia-odwyer/photon-node": "^0.3.4",
        "chalk": "^5.5.0",
        "cli-highlight": "^2.1.11",
        "diff": "^8.0.2",
        "extract-zip": "^2.0.1",
        "file-type": "^21.1.1",
        "glob": "^13.0.1",
        "hosted-git-info": "^9.0.2",
        "ignore": "^7.0.5",
        "marked": "^15.0.12",
        "minimatch": "^10.2.3",
        "proper-lockfile": "^4.1.2",
        "strip-ansi": "^7.1.0",
        "typebox": "^1.1.24",
        "undici": "^7.19.1",
        "uuid": "^14.0.0",
        "yaml": "^2.8.2"
      },
      "bin": {
        "pi": "dist/cli.js"
      },
      "devDependencies": {
        "@types/diff": "^7.0.2",
        "@types/hosted-git-info": "^3.0.5",
        "@types/ms": "^2.1.0",
        "@types/node": "^24.3.0",
        "@types/proper-lockfile": "^4.1.4",
        "shx": "^0.4.0",
        "typescript": "^5.7.3",
        "vitest": "^3.2.4"
      },
      "engines": {
        "node": ">=20.6.0"
      },
      "optionalDependencies": {
        "@mariozechner/clipboard": "^0.3.5"
      }
    },
    "node_modules/@mariozechner/pi-agent-core": {
      "resolved": "../../github-repo/pi-mono/packages/agent",
      "link": true
    },
    "node_modules/@mariozechner/pi-ai": {
      "resolved": "../../github-repo/pi-mono/packages/ai",
      "link": true
    },
    "node_modules/@mariozechner/pi-coding-agent": {
      "resolved": "../../github-repo/pi-mono/packages/coding-agent",
      "link": true
    },
    "node_modules/@sinclair/typebox": {
      "version": "0.34.49",
      "resolved": "https://registry.npmjs.org/@sinclair/typebox/-/typebox-0.34.49.tgz",
      "integrity": "sha512-brySQQs7Jtn0joV8Xh9ZV/hZb9Ozb0pmazDIASBkYKCjXrXU3mpcFahmK/z4YDhGkQvP9mWJbVyahdtU5wQA+A==",
      "license": "MIT"
    },
    "node_modules/@types/node": {
      "version": "22.19.19",
      "resolved": "https://registry.npmjs.org/@types/node/-/node-22.19.19.tgz",
      "integrity": "sha512-dyh/xO2Fh5bYrfWaaqGrRQQGkNdmYw6AmaAUvYeUMNTWQtvb796ikLdmTchRmOlOiIJ1TDXfWgVx1QkUlQ6Hew==",
      "dev": true,
      "license": "MIT",
      "dependencies": {
        "undici-types": "~6.21.0"
      }
    },
    "node_modules/typescript": {
      "version": "5.9.3",
      "resolved": "https://registry.npmjs.org/typescript/-/typescript-5.9.3.tgz",
      "integrity": "sha512-jl1vZzPDinLr9eUt3J/t7V6FgNEw9QjvBPdysz9KfQDD41fQrC2Y4vKQdiaUpFT4bXlb1RHhLpp8wtm6M5TgSw==",
      "dev": true,
      "license": "Apache-2.0",
      "bin": {
        "tsc": "bin/tsc",
        "tsserver": "bin/tsserver"
      },
      "engines": {
        "node": ">=14.17"
      }
    },
    "node_modules/undici-types": {
      "version": "6.21.0",
      "resolved": "https://registry.npmjs.org/undici-types/-/undici-types-6.21.0.tgz",
      "integrity": "sha512-iwDZqg0QAGrg9Rav5H4n0M64c3mkR59cJ6wQp+7C4nI0gsmExaedaYLNO44eT4AtBBwjbTiGPMlt2Md0T9H9JQ==",
      "dev": true,
      "license": "MIT"
    },
    "node_modules/yaml": {
      "version": "2.9.0",
      "resolved": "https://registry.npmjs.org/yaml/-/yaml-2.9.0.tgz",
      "integrity": "sha512-2AvhNX3mb8zd6Zy7INTtSpl1F15HW6Wnqj0srWlkKLcpYl/gMIMJiyuGq2KeI2YFxUPjdlB+3Lc10seMLtL4cA==",
      "license": "ISC",
      "bin": {
        "yaml": "bin.mjs"
      },
      "engines": {
        "node": ">= 14.6"
      },
      "funding": {
        "url": "https://github.com/sponsors/eemeli"
      }
    }
  }
}
